
Microsoft Visual Studio Solution File, Format Version 12.00
# Visual Studio Version 16
VisualStudioVersion = 16.0.32106.194
MinimumVisualStudioVersion = 10.0.40219.1
Project("{8BC9CEB8-8B4A-11D0-8D11-00A0C91BC942}") = "HelloDDK", "chapter01\NT_Driver\HelloDDK\HelloDDK.vcxproj", "{1749E446-7491-4CEC-A31D-A5E86766E789}"
EndProject
Project("{2150E333-8FDC-42A3-9474-1A3956D46DE8}") = "chapter01", "chapter01", "{157247F6-ED16-428B-88A8-D9B653BA053B}"
EndProject
Project("{8BC9CEB8-8B4A-11D0-8D11-00A0C91BC942}") = "HelloWDM", "chapter01\WDM_Driver\HelloWDM\HelloWDM.vcxproj", "{74723C83-FFCD-4526-873C-696B7CA1F2D6}"
EndProject
Project("{2150E333-8FDC-42A3-9474-1A3956D46DE8}") = "chapter03", "chapter03", "{2456B7CE-9352-4579-877A-568CCC1291DA}"
EndProject
Project("{8BC9CEB8-8B4A-11D0-8D11-00A0C91BC942}") = "MyDriver", "chapter03\MyDriver\MyDriver.vcxproj", "{A049DB86-5433-4358-ADE4-D3B5172EF2AC}"
EndProject
Project("{8BC9CEB8-8B4A-11D0-8D11-00A0C91BC942}") = "LoadNTDriverTest", "chapter03\LoadNTDriverTest\LoadNTDriverTest.vcxproj", "{134EE5A5-AAB0-44B7-A225-DF35062FCF3D}"
EndProject
Global
	GlobalSection(SolutionConfigurationPlatforms) = preSolution
		Debug|ARM = Debug|ARM
		Debug|ARM64 = Debug|ARM64
		Debug|x64 = Debug|x64
		Debug|x86 = Debug|x86
		Release|ARM = Release|ARM
		Release|ARM64 = Release|ARM64
		Release|x64 = Release|x64
		Release|x86 = Release|x86
	EndGlobalSection
	GlobalSection(ProjectConfigurationPlatforms) = postSolution
		{1749E446-7491-4CEC-A31D-A5E86766E789}.Debug|ARM.ActiveCfg = Debug|ARM
		{1749E446-7491-4CEC-A31D-A5E86766E789}.Debug|ARM.Build.0 = Debug|ARM
		{1749E446-7491-4CEC-A31D-A5E86766E789}.Debug|ARM.Deploy.0 = Debug|ARM
		{1749E446-7491-4CEC-A31D-A5E86766E789}.Debug|ARM64.ActiveCfg = Debug|ARM64
		{1749E446-7491-4CEC-A31D-A5E86766E789}.Debug|ARM64.Build.0 = Debug|ARM64
		{1749E446-7491-4CEC-A31D-A5E86766E789}.Debug|ARM64.Deploy.0 = Debug|ARM64
		{1749E446-7491-4CEC-A31D-A5E86766E789}.Debug|x64.ActiveCfg = Debug|x64
		{1749E446-7491-4CEC-A31D-A5E86766E789}.Debug|x64.Build.0 = Debug|x64
		{1749E446-7491-4CEC-A31D-A5E86766E789}.Debug|x64.Deploy.0 = Debug|x64
		{1749E446-7491-4CEC-A31D-A5E86766E789}.Debug|x86.ActiveCfg = Debug|Win32
		{1749E446-7491-4CEC-A31D-A5E86766E789}.Debug|x86.Build.0 = Debug|Win32
		{1749E446-7491-4CEC-A31D-A5E86766E789}.Debug|x86.Deploy.0 = Debug|Win32
		{1749E446-7491-4CEC-A31D-A5E86766E789}.Release|ARM.ActiveCfg = Release|ARM
		{1749E446-7491-4CEC-A31D-A5E86766E789}.Release|ARM.Build.0 = Release|ARM
		{1749E446-7491-4CEC-A31D-A5E86766E789}.Release|ARM.Deploy.0 = Release|ARM
		{1749E446-7491-4CEC-A31D-A5E86766E789}.Release|ARM64.ActiveCfg = Release|ARM64
		{1749E446-7491-4CEC-A31D-A5E86766E789}.Release|ARM64.Build.0 = Release|ARM64
		{1749E446-7491-4CEC-A31D-A5E86766E789}.Release|ARM64.Deploy.0 = Release|ARM64
		{1749E446-7491-4CEC-A31D-A5E86766E789}.Release|x64.ActiveCfg = Release|x64
		{1749E446-7491-4CEC-A31D-A5E86766E789}.Release|x64.Build.0 = Release|x64
		{1749E446-7491-4CEC-A31D-A5E86766E789}.Release|x64.Deploy.0 = Release|x64
		{1749E446-7491-4CEC-A31D-A5E86766E789}.Release|x86.ActiveCfg = Release|Win32
		{1749E446-7491-4CEC-A31D-A5E86766E789}.Release|x86.Build.0 = Release|Win32
		{1749E446-7491-4CEC-A31D-A5E86766E789}.Release|x86.Deploy.0 = Release|Win32
		{74723C83-FFCD-4526-873C-696B7CA1F2D6}.Debug|ARM.ActiveCfg = Debug|ARM
		{74723C83-FFCD-4526-873C-696B7CA1F2D6}.Debug|ARM.Build.0 = Debug|ARM
		{74723C83-FFCD-4526-873C-696B7CA1F2D6}.Debug|ARM.Deploy.0 = Debug|ARM
		{74723C83-FFCD-4526-873C-696B7CA1F2D6}.Debug|ARM64.ActiveCfg = Debug|ARM64
		{74723C83-FFCD-4526-873C-696B7CA1F2D6}.Debug|ARM64.Build.0 = Debug|ARM64
		{74723C83-FFCD-4526-873C-696B7CA1F2D6}.Debug|ARM64.Deploy.0 = Debug|ARM64
		{74723C83-FFCD-4526-873C-696B7CA1F2D6}.Debug|x64.ActiveCfg = Debug|x64
		{74723C83-FFCD-4526-873C-696B7CA1F2D6}.Debug|x64.Build.0 = Debug|x64
		{74723C83-FFCD-4526-873C-696B7CA1F2D6}.Debug|x64.Deploy.0 = Debug|x64
		{74723C83-FFCD-4526-873C-696B7CA1F2D6}.Debug|x86.ActiveCfg = Debug|Win32
		{74723C83-FFCD-4526-873C-696B7CA1F2D6}.Debug|x86.Build.0 = Debug|Win32
		{74723C83-FFCD-4526-873C-696B7CA1F2D6}.Debug|x86.Deploy.0 = Debug|Win32
		{74723C83-FFCD-4526-873C-696B7CA1F2D6}.Release|ARM.ActiveCfg = Release|ARM
		{74723C83-FFCD-4526-873C-696B7CA1F2D6}.Release|ARM.Build.0 = Release|ARM
		{74723C83-FFCD-4526-873C-696B7CA1F2D6}.Release|ARM.Deploy.0 = Release|ARM
		{74723C83-FFCD-4526-873C-696B7CA1F2D6}.Release|ARM64.ActiveCfg = Release|ARM64
		{74723C83-FFCD-4526-873C-696B7CA1F2D6}.Release|ARM64.Build.0 = Release|ARM64
		{74723C83-FFCD-4526-873C-696B7CA1F2D6}.Release|ARM64.Deploy.0 = Release|ARM64
		{74723C83-FFCD-4526-873C-696B7CA1F2D6}.Release|x64.ActiveCfg = Release|x64
		{74723C83-FFCD-4526-873C-696B7CA1F2D6}.Release|x64.Build.0 = Release|x64
		{74723C83-FFCD-4526-873C-696B7CA1F2D6}.Release|x64.Deploy.0 = Release|x64
		{74723C83-FFCD-4526-873C-696B7CA1F2D6}.Release|x86.ActiveCfg = Release|Win32
		{74723C83-FFCD-4526-873C-696B7CA1F2D6}.Release|x86.Build.0 = Release|Win32
		{74723C83-FFCD-4526-873C-696B7CA1F2D6}.Release|x86.Deploy.0 = Release|Win32
		{A049DB86-5433-4358-ADE4-D3B5172EF2AC}.Debug|ARM.ActiveCfg = Debug|ARM
		{A049DB86-5433-4358-ADE4-D3B5172EF2AC}.Debug|ARM.Build.0 = Debug|ARM
		{A049DB86-5433-4358-ADE4-D3B5172EF2AC}.Debug|ARM.Deploy.0 = Debug|ARM
		{A049DB86-5433-4358-ADE4-D3B5172EF2AC}.Debug|ARM64.ActiveCfg = Debug|ARM64
		{A049DB86-5433-4358-ADE4-D3B5172EF2AC}.Debug|ARM64.Build.0 = Debug|ARM64
		{A049DB86-5433-4358-ADE4-D3B5172EF2AC}.Debug|ARM64.Deploy.0 = Debug|ARM64
		{A049DB86-5433-4358-ADE4-D3B5172EF2AC}.Debug|x64.ActiveCfg = Debug|x64
		{A049DB86-5433-4358-ADE4-D3B5172EF2AC}.Debug|x64.Build.0 = Debug|x64
		{A049DB86-5433-4358-ADE4-D3B5172EF2AC}.Debug|x64.Deploy.0 = Debug|x64
		{A049DB86-5433-4358-ADE4-D3B5172EF2AC}.Debug|x86.ActiveCfg = Debug|Win32
		{A049DB86-5433-4358-ADE4-D3B5172EF2AC}.Debug|x86.Build.0 = Debug|Win32
		{A049DB86-5433-4358-ADE4-D3B5172EF2AC}.Debug|x86.Deploy.0 = Debug|Win32
		{A049DB86-5433-4358-ADE4-D3B5172EF2AC}.Release|ARM.ActiveCfg = Release|ARM
		{A049DB86-5433-4358-ADE4-D3B5172EF2AC}.Release|ARM.Build.0 = Release|ARM
		{A049DB86-5433-4358-ADE4-D3B5172EF2AC}.Release|ARM.Deploy.0 = Release|ARM
		{A049DB86-5433-4358-ADE4-D3B5172EF2AC}.Release|ARM64.ActiveCfg = Release|ARM64
		{A049DB86-5433-4358-ADE4-D3B5172EF2AC}.Release|ARM64.Build.0 = Release|ARM64
		{A049DB86-5433-4358-ADE4-D3B5172EF2AC}.Release|ARM64.Deploy.0 = Release|ARM64
		{A049DB86-5433-4358-ADE4-D3B5172EF2AC}.Release|x64.ActiveCfg = Release|x64
		{A049DB86-5433-4358-ADE4-D3B5172EF2AC}.Release|x64.Build.0 = Release|x64
		{A049DB86-5433-4358-ADE4-D3B5172EF2AC}.Release|x64.Deploy.0 = Release|x64
		{A049DB86-5433-4358-ADE4-D3B5172EF2AC}.Release|x86.ActiveCfg = Release|Win32
		{A049DB86-5433-4358-ADE4-D3B5172EF2AC}.Release|x86.Build.0 = Release|Win32
		{A049DB86-5433-4358-ADE4-D3B5172EF2AC}.Release|x86.Deploy.0 = Release|Win32
		{134EE5A5-AAB0-44B7-A225-DF35062FCF3D}.Debug|ARM.ActiveCfg = Debug|Win32
		{134EE5A5-AAB0-44B7-A225-DF35062FCF3D}.Debug|ARM64.ActiveCfg = Debug|Win32
		{134EE5A5-AAB0-44B7-A225-DF35062FCF3D}.Debug|x64.ActiveCfg = Debug|x64
		{134EE5A5-AAB0-44B7-A225-DF35062FCF3D}.Debug|x64.Build.0 = Debug|x64
		{134EE5A5-AAB0-44B7-A225-DF35062FCF3D}.Debug|x86.ActiveCfg = Debug|Win32
		{134EE5A5-AAB0-44B7-A225-DF35062FCF3D}.Debug|x86.Build.0 = Debug|Win32
		{134EE5A5-AAB0-44B7-A225-DF35062FCF3D}.Release|ARM.ActiveCfg = Release|Win32
		{134EE5A5-AAB0-44B7-A225-DF35062FCF3D}.Release|ARM64.ActiveCfg = Release|Win32
		{134EE5A5-AAB0-44B7-A225-DF35062FCF3D}.Release|x64.ActiveCfg = Release|x64
		{134EE5A5-AAB0-44B7-A225-DF35062FCF3D}.Release|x64.Build.0 = Release|x64
		{134EE5A5-AAB0-44B7-A225-DF35062FCF3D}.Release|x86.ActiveCfg = Release|Win32
		{134EE5A5-AAB0-44B7-A225-DF35062FCF3D}.Release|x86.Build.0 = Release|Win32
	EndGlobalSection
	GlobalSection(SolutionProperties) = preSolution
		HideSolutionNode = FALSE
	EndGlobalSection
	GlobalSection(NestedProjects) = preSolution
		{1749E446-7491-4CEC-A31D-A5E86766E789} = {157247F6-ED16-428B-88A8-D9B653BA053B}
		{74723C83-FFCD-4526-873C-696B7CA1F2D6} = {157247F6-ED16-428B-88A8-D9B653BA053B}
		{A049DB86-5433-4358-ADE4-D3B5172EF2AC} = {2456B7CE-9352-4579-877A-568CCC1291DA}
		{134EE5A5-AAB0-44B7-A225-DF35062FCF3D} = {2456B7CE-9352-4579-877A-568CCC1291DA}
	EndGlobalSection
	GlobalSection(ExtensibilityGlobals) = postSolution
		SolutionGuid = {AF6309C7-DBA0-47F0-B786-499DF3F3B43F}
	EndGlobalSection
EndGlobal
